// !$*UTF8*$!
{
	archiveVersion = 1;
	classes = {
	};
	objectVersion = 77;
	objects = {

/* Begin PBXBuildFile section */
		F4251C092EB52FE200D36FD4 /* AppDelegate.swift in Sources */ = {isa = PBXBuildFile; fileRef = F4251C082EB52FE200D36FD4 /* AppDelegate.swift */; };
		F4251C0C2EB52FE200D36FD4 /* Main.storyboard in Resources */ = {isa = PBXBuildFile; fileRef = F4251C0A2EB52FE200D36FD4 /* Main.storyboard */; };
		F4251C1D2EB52FE200D36FD4 /* Safari MRU Extension.appex in Embed Foundation Extensions */ = {isa = PBXBuildFile; fileRef = F4251C1C2EB52FE200D36FD4 /* Safari MRU Extension.appex */; settings = {ATTRIBUTES = (RemoveHeadersOnCopy, ); }; };
		F4251C232EB52FE200D36FD4 /* Main.html in Resources */ = {isa = PBXBuildFile; fileRef = F4251BE72EB52FE100D36FD4 /* Main.html */; };
		F4251C252EB52FE200D36FD4 /* Icon.png in Resources */ = {isa = PBXBuildFile; fileRef = F4251BE92EB52FE100D36FD4 /* Icon.png */; };
		F4251C272EB52FE200D36FD4 /* Style.css in Resources */ = {isa = PBXBuildFile; fileRef = F4251BEA2EB52FE100D36FD4 /* Style.css */; };
		F4251C292EB52FE200D36FD4 /* Script.js in Resources */ = {isa = PBXBuildFile; fileRef = F4251BEB2EB52FE100D36FD4 /* Script.js */; };
		F4251C2B2EB52FE200D36FD4 /* ViewController.swift in Sources */ = {isa = PBXBuildFile; fileRef = F4251BEC2EB52FE100D36FD4 /* ViewController.swift */; };
		F4251C2D2EB52FE200D36FD4 /* Assets.xcassets in Resources */ = {isa = PBXBuildFile; fileRef = F4251BED2EB52FE200D36FD4 /* Assets.xcassets */; };
		F4251C2F2EB52FE200D36FD4 /* SafariWebExtensionHandler.swift in Sources */ = {isa = PBXBuildFile; fileRef = F4251BEF2EB52FE200D36FD4 /* SafariWebExtensionHandler.swift */; };
		F4251C452EB52FE200D36FD4 /* manifest.json in Resources */ = {isa = PBXBuildFile; fileRef = F4251C422EB52FE200D36FD4 /* manifest.json */; };
		F4251C462EB52FE200D36FD4 /* SafariMRUProject in Resources */ = {isa = PBXBuildFile; fileRef = F4251C432EB52FE200D36FD4 /* SafariMRUProject */; };
		F46177BE2EB54E4D00B26797 /* dist in Resources */ = {isa = PBXBuildFile; fileRef = F46177BB2EB54E4D00B26797 /* dist */; };
		F46177BF2EB54E4D00B26797 /* content.css in Resources */ = {isa = PBXBuildFile; fileRef = F46177BA2EB54E4D00B26797 /* content.css */; };
		F46177C02EB54E4D00B26797 /* options-dist in Resources */ = {isa = PBXBuildFile; fileRef = F46177BC2EB54E4D00B26797 /* options-dist */; };
		F46177C12EB54E4D00B26797 /* options-dist in Resources */ = {isa = PBXBuildFile; fileRef = F46177BC2EB54E4D00B26797 /* options-dist */; };
		F46177C22EB54E4D00B26797 /* dist in Resources */ = {isa = PBXBuildFile; fileRef = F46177BB2EB54E4D00B26797 /* dist */; };
		F46177C32EB54E4D00B26797 /* content.css in Resources */ = {isa = PBXBuildFile; fileRef = F46177BA2EB54E4D00B26797 /* content.css */; };
		F46177C42EB54E4D00B26797 /* options-dist in Resources */ = {isa = PBXBuildFile; fileRef = F46177BC2EB54E4D00B26797 /* options-dist */; };
		F46177C52EB54E4D00B26797 /* options-dist in Resources */ = {isa = PBXBuildFile; fileRef = F46177BC2EB54E4D00B26797 /* options-dist */; };
/* End PBXBuildFile section */

/* Begin PBXContainerItemProxy section */
		F4251C1E2EB52FE200D36FD4 /* PBXContainerItemProxy */ = {
			isa = PBXContainerItemProxy;
			containerPortal = F4251BE12EB52FE100D36FD4 /* Project object */;
			proxyType = 1;
			remoteGlobalIDString = F4251C1B2EB52FE200D36FD4;
			remoteInfo = "Safari MRU Extension (macOS)";
		};
/* End PBXContainerItemProxy section */

/* Begin PBXCopyFilesBuildPhase section */
		F4251C3C2EB52FE200D36FD4 /* Embed Foundation Extensions */ = {
			isa = PBXCopyFilesBuildPhase;
			buildActionMask = 2147483647;
			dstPath = "";
			dstSubfolderSpec = 13;
			files = (
				F4251C1D2EB52FE200D36FD4 /* Safari MRU Extension.appex in Embed Foundation Extensions */,
			);
			name = "Embed Foundation Extensions";
			runOnlyForDeploymentPostprocessing = 0;
		};
/* End PBXCopyFilesBuildPhase section */

/* Begin PBXFileReference section */
		F4251BE82EB52FE100D36FD4 /* Base */ = {isa = PBXFileReference; lastKnownFileType = text.html; name = Base; path = Base.lproj/Main.html; sourceTree = "<group>"; };
		F4251BE92EB52FE100D36FD4 /* Icon.png */ = {isa = PBXFileReference; lastKnownFileType = image.png; path = Icon.png; sourceTree = "<group>"; };
		F4251BEA2EB52FE100D36FD4 /* Style.css */ = {isa = PBXFileReference; lastKnownFileType = text.css; path = Style.css; sourceTree = "<group>"; };
		F4251BEB2EB52FE100D36FD4 /* Script.js */ = {isa = PBXFileReference; lastKnownFileType = sourcecode.javascript; path = Script.js; sourceTree = "<group>"; };
		F4251BEC2EB52FE100D36FD4 /* ViewController.swift */ = {isa = PBXFileReference; lastKnownFileType = sourcecode.swift; path = ViewController.swift; sourceTree = "<group>"; };
		F4251BED2EB52FE200D36FD4 /* Assets.xcassets */ = {isa = PBXFileReference; lastKnownFileType = folder.assetcatalog; path = Assets.xcassets; sourceTree = "<group>"; };
		F4251BEF2EB52FE200D36FD4 /* SafariWebExtensionHandler.swift */ = {isa = PBXFileReference; lastKnownFileType = sourcecode.swift; path = SafariWebExtensionHandler.swift; sourceTree = "<group>"; };
		F4251C062EB52FE200D36FD4 /* Safari MRU.app */ = {isa = PBXFileReference; explicitFileType = wrapper.application; includeInIndex = 0; path = "Safari MRU.app"; sourceTree = BUILT_PRODUCTS_DIR; };
		F4251C082EB52FE200D36FD4 /* AppDelegate.swift */ = {isa = PBXFileReference; lastKnownFileType = sourcecode.swift; path = AppDelegate.swift; sourceTree = "<group>"; };
		F4251C0B2EB52FE200D36FD4 /* Base */ = {isa = PBXFileReference; lastKnownFileType = file.storyboard; name = Base; path = Base.lproj/Main.storyboard; sourceTree = "<group>"; };
		F4251C0D2EB52FE200D36FD4 /* Info.plist */ = {isa = PBXFileReference; lastKnownFileType = text.plist.xml; path = Info.plist; sourceTree = "<group>"; };
		F4251C1C2EB52FE200D36FD4 /* Safari MRU Extension.appex */ = {isa = PBXFileReference; explicitFileType = "wrapper.app-extension"; includeInIndex = 0; path = "Safari MRU Extension.appex"; sourceTree = BUILT_PRODUCTS_DIR; };
		F4251C212EB52FE200D36FD4 /* Info.plist */ = {isa = PBXFileReference; lastKnownFileType = text.plist.xml; path = Info.plist; sourceTree = "<group>"; };
		F4251C422EB52FE200D36FD4 /* manifest.json */ = {isa = PBXFileReference; lastKnownFileType = text.json; name = manifest.json; path = ../../extension/manifest.json; sourceTree = SOURCE_ROOT; };
		F4251C432EB52FE200D36FD4 /* SafariMRUProject */ = {isa = PBXFileReference; lastKnownFileType = folder; name = SafariMRUProject; path = ../..; sourceTree = "<group>"; };
		F46177BA2EB54E4D00B26797 /* content.css */ = {isa = PBXFileReference; lastKnownFileType = text.css; name = content.css; path = ../../extension/content.css; sourceTree = SOURCE_ROOT; };
		F46177BB2EB54E4D00B26797 /* dist */ = {isa = PBXFileReference; lastKnownFileType = folder; name = dist; path = ../../extension/dist; sourceTree = SOURCE_ROOT; };
		F46177BC2EB54E4D00B26797 /* options-dist */ = {isa = PBXFileReference; lastKnownFileType = folder; name = "options-dist"; path = "../../extension/options-dist"; sourceTree = SOURCE_ROOT; };
/* End PBXFileReference section */

/* Begin PBXFrameworksBuildPhase section */
		F4251C032EB52FE200D36FD4 /* Frameworks */ = {
			isa = PBXFrameworksBuildPhase;
			buildActionMask = 2147483647;
			files = (
			);
			runOnlyForDeploymentPostprocessing = 0;
		};
		F4251C192EB52FE200D36FD4 /* Frameworks */ = {
			isa = PBXFrameworksBuildPhase;
			buildActionMask = 2147483647;
			files = (
			);
			runOnlyForDeploymentPostprocessing = 0;
		};
/* End PBXFrameworksBuildPhase section */

/* Begin PBXGroup section */
		F4251BE02EB52FE100D36FD4 = {
			isa = PBXGroup;
			children = (
				F4251BE52EB52FE100D36FD4 /* Shared (App) */,
				F4251BEE2EB52FE200D36FD4 /* Shared (Extension) */,
				F4251C072EB52FE200D36FD4 /* macOS (App) */,
				F4251C202EB52FE200D36FD4 /* macOS (Extension) */,
				F4251BF52EB52FE200D36FD4 /* Products */,
			);
			sourceTree = "<group>";
		};
		F4251BE52EB52FE100D36FD4 /* Shared (App) */ = {
			isa = PBXGroup;
			children = (
				F4251BEC2EB52FE100D36FD4 /* ViewController.swift */,
				F4251BED2EB52FE200D36FD4 /* Assets.xcassets */,
				F4251BE62EB52FE100D36FD4 /* Resources */,
			);
			path = "Shared (App)";
			sourceTree = "<group>";
		};
		F4251BE62EB52FE100D36FD4 /* Resources */ = {
			isa = PBXGroup;
			children = (
				F4251BE72EB52FE100D36FD4 /* Main.html */,
				F4251BE92EB52FE100D36FD4 /* Icon.png */,
				F4251BEA2EB52FE100D36FD4 /* Style.css */,
				F4251BEB2EB52FE100D36FD4 /* Script.js */,
			);
			path = Resources;
			sourceTree = "<group>";
		};
		F4251BEE2EB52FE200D36FD4 /* Shared (Extension) */ = {
			isa = PBXGroup;
			children = (
				F4251C402EB52FE200D36FD4 /* Resources */,
				F4251BEF2EB52FE200D36FD4 /* SafariWebExtensionHandler.swift */,
			);
			path = "Shared (Extension)";
			sourceTree = "<group>";
		};
		F4251BF52EB52FE200D36FD4 /* Products */ = {
			isa = PBXGroup;
			children = (
				F4251C062EB52FE200D36FD4 /* Safari MRU.app */,
				F4251C1C2EB52FE200D36FD4 /* Safari MRU Extension.appex */,
			);
			name = Products;
			sourceTree = "<group>";
		};
		F4251C072EB52FE200D36FD4 /* macOS (App) */ = {
			isa = PBXGroup;
			children = (
				F4251C082EB52FE200D36FD4 /* AppDelegate.swift */,
				F4251C0A2EB52FE200D36FD4 /* Main.storyboard */,
				F4251C0D2EB52FE200D36FD4 /* Info.plist */,
			);
			path = "macOS (App)";
			sourceTree = "<group>";
		};
		F4251C202EB52FE200D36FD4 /* macOS (Extension) */ = {
			isa = PBXGroup;
			children = (
				F4251C212EB52FE200D36FD4 /* Info.plist */,
			);
			path = "macOS (Extension)";
			sourceTree = "<group>";
		};
		F4251C402EB52FE200D36FD4 /* Resources */ = {
			isa = PBXGroup;
			children = (
				F46177BA2EB54E4D00B26797 /* content.css */,
				F46177BB2EB54E4D00B26797 /* dist */,
				F46177BC2EB54E4D00B26797 /* options-dist */,
				F4251C422EB52FE200D36FD4 /* manifest.json */,
				F4251C432EB52FE200D36FD4 /* SafariMRUProject */,
			);
			name = Resources;
			path = "Shared (Extension)";
			sourceTree = SOURCE_ROOT;
		};
/* End PBXGroup section */

/* Begin PBXNativeTarget section */
		F4251C052EB52FE200D36FD4 /* Safari MRU (macOS) */ = {
			isa = PBXNativeTarget;
			buildConfigurationList = F4251C3D2EB52FE200D36FD4 /* Build configuration list for PBXNativeTarget "Safari MRU (macOS)" */;
			buildPhases = (
				F4251C022EB52FE200D36FD4 /* Sources */,
				F4251C032EB52FE200D36FD4 /* Frameworks */,
				F4251C042EB52FE200D36FD4 /* Resources */,
				F4251C3C2EB52FE200D36FD4 /* Embed Foundation Extensions */,
			);
			buildRules = (
			);
			dependencies = (
				F4251C1F2EB52FE200D36FD4 /* PBXTargetDependency */,
			);
			name = "Safari MRU (macOS)";
			packageProductDependencies = (
			);
			productName = "Safari MRU (macOS)";
			productReference = F4251C062EB52FE200D36FD4 /* Safari MRU.app */;
			productType = "com.apple.product-type.application";
		};
		F4251C1B2EB52FE200D36FD4 /* Safari MRU Extension (macOS) */ = {
			isa = PBXNativeTarget;
			buildConfigurationList = F4251C392EB52FE200D36FD4 /* Build configuration list for PBXNativeTarget "Safari MRU Extension (macOS)" */;
			buildPhases = (
				F4251C182EB52FE200D36FD4 /* Sources */,
				F4251C192EB52FE200D36FD4 /* Frameworks */,
				F4251C1A2EB52FE200D36FD4 /* Resources */,
			);
			buildRules = (
			);
			dependencies = (
			);
			name = "Safari MRU Extension (macOS)";
			packageProductDependencies = (
			);
			productName = "Safari MRU Extension (macOS)";
			productReference = F4251C1C2EB52FE200D36FD4 /* Safari MRU Extension.appex */;
			productType = "com.apple.product-type.app-extension";
		};
/* End PBXNativeTarget section */

/* Begin PBXProject section */
		F4251BE12EB52FE100D36FD4 /* Project object */ = {
			isa = PBXProject;
			attributes = {
				BuildIndependentTargetsInParallel = 1;
				LastSwiftUpdateCheck = 2600;
				LastUpgradeCheck = 2600;
				TargetAttributes = {
					F4251C052EB52FE200D36FD4 = {
						CreatedOnToolsVersion = 26.0.1;
					};
					F4251C1B2EB52FE200D36FD4 = {
						CreatedOnToolsVersion = 26.0.1;
					};
				};
			};
			buildConfigurationList = F4251BE42EB52FE100D36FD4 /* Build configuration list for PBXProject "Safari MRU" */;
			developmentRegion = en;
			hasScannedForEncodings = 0;
			knownRegions = (
				en,
				Base,
			);
			mainGroup = F4251BE02EB52FE100D36FD4;
			minimizedProjectReferenceProxies = 1;
			preferredProjectObjectVersion = 77;
			productRefGroup = F4251BF52EB52FE200D36FD4 /* Products */;
			projectDirPath = "";
			projectRoot = "";
			targets = (
				F4251C052EB52FE200D36FD4 /* Safari MRU (macOS) */,
				F4251C1B2EB52FE200D36FD4 /* Safari MRU Extension (macOS) */,
			);
		};
/* End PBXProject section */

/* Begin PBXResourcesBuildPhase section */
		F4251C042EB52FE200D36FD4 /* Resources */ = {
			isa = PBXResourcesBuildPhase;
			buildActionMask = 2147483647;
			files = (
				F4251C252EB52FE200D36FD4 /* Icon.png in Resources */,
				F46177BE2EB54E4D00B26797 /* dist in Resources */,
				F46177BF2EB54E4D00B26797 /* content.css in Resources */,
				F46177C02EB54E4D00B26797 /* options-dist in Resources */,
				F46177C12EB54E4D00B26797 /* options-dist in Resources */,
				F4251C272EB52FE200D36FD4 /* Style.css in Resources */,
				F4251C0C2EB52FE200D36FD4 /* Main.storyboard in Resources */,
				F4251C292EB52FE200D36FD4 /* Script.js in Resources */,
				F4251C2D2EB52FE200D36FD4 /* Assets.xcassets in Resources */,
				F4251C232EB52FE200D36FD4 /* Main.html in Resources */,
			);
			runOnlyForDeploymentPostprocessing = 0;
		};
		F4251C1A2EB52FE200D36FD4 /* Resources */ = {
			isa = PBXResourcesBuildPhase;
			buildActionMask = 2147483647;
			files = (
				F4251C462EB52FE200D36FD4 /* SafariMRUProject in Resources */,
				F46177C22EB54E4D00B26797 /* dist in Resources */,
				F46177C32EB54E4D00B26797 /* content.css in Resources */,
				F46177C42EB54E4D00B26797 /* options-dist in Resources */,
				F46177C52EB54E4D00B26797 /* options-dist in Resources */,
				F4251C452EB52FE200D36FD4 /* manifest.json in Resources */,
			);
			runOnlyForDeploymentPostprocessing = 0;
		};
/* End PBXResourcesBuildPhase section */

/* Begin PBXSourcesBuildPhase section */
		F4251C022EB52FE200D36FD4 /* Sources */ = {
			isa = PBXSourcesBuildPhase;
			buildActionMask = 2147483647;
			files = (
				F4251C2B2EB52FE200D36FD4 /* ViewController.swift in Sources */,
				F4251C092EB52FE200D36FD4 /* AppDelegate.swift in Sources */,
			);
			runOnlyForDeploymentPostprocessing = 0;
		};
		F4251C182EB52FE200D36FD4 /* Sources */ = {
			isa = PBXSourcesBuildPhase;
			buildActionMask = 2147483647;
			files = (
				F4251C2F2EB52FE200D36FD4 /* SafariWebExtensionHandler.swift in Sources */,
			);
			runOnlyForDeploymentPostprocessing = 0;
		};
/* End PBXSourcesBuildPhase section */

/* Begin PBXTargetDependency section */
		F4251C1F2EB52FE200D36FD4 /* PBXTargetDependency */ = {
			isa = PBXTargetDependency;
			target = F4251C1B2EB52FE200D36FD4 /* Safari MRU Extension (macOS) */;
			targetProxy = F4251C1E2EB52FE200D36FD4 /* PBXContainerItemProxy */;
		};
/* End PBXTargetDependency section */

/* Begin PBXVariantGroup section */
		F4251BE72EB52FE100D36FD4 /* Main.html */ = {
			isa = PBXVariantGroup;
			children = (
				F4251BE82EB52FE100D36FD4 /* Base */,
			);
			name = Main.html;
			sourceTree = "<group>";
		};
		F4251C0A2EB52FE200D36FD4 /* Main.storyboard */ = {
			isa = PBXVariantGroup;
			children = (
				F4251C0B2EB52FE200D36FD4 /* Base */,
			);
			name = Main.storyboard;
			sourceTree = "<group>";
		};
/* End PBXVariantGroup section */

/* Begin XCBuildConfiguration section */
		F4251C302EB52FE200D36FD4 /* Debug */ = {
			isa = XCBuildConfiguration;
			buildSettings = {
				ALWAYS_SEARCH_USER_PATHS = NO;
				ASSETCATALOG_COMPILER_GENERATE_SWIFT_ASSET_SYMBOL_EXTENSIONS = YES;
				CLANG_ANALYZER_NONNULL = YES;
				CLANG_ANALYZER_NUMBER_OBJECT_CONVERSION = YES_AGGRESSIVE;
				CLANG_CXX_LANGUAGE_STANDARD = "gnu++20";
				CLANG_ENABLE_MODULES = YES;
				CLANG_ENABLE_OBJC_ARC = YES;
				CLANG_ENABLE_OBJC_WEAK = YES;
				CLANG_WARN_BLOCK_CAPTURE_AUTORELEASING = YES;
				CLANG_WARN_BOOL_CONVERSION = YES;
				CLANG_WARN_COMMA = YES;
				CLANG_WARN_CONSTANT_CONVERSION = YES;
				CLANG_WARN_DEPRECATED_OBJC_IMPLEMENTATIONS = YES;
				CLANG_WARN_DIRECT_OBJC_ISA_USAGE = YES_ERROR;
				CLANG_WARN_DOCUMENTATION_COMMENTS = YES;
				CLANG_WARN_EMPTY_BODY = YES;
				CLANG_WARN_ENUM_CONVERSION = YES;
				CLANG_WARN_INFINITE_RECURSION = YES;
				CLANG_WARN_INT_CONVERSION = YES;
				CLANG_WARN_NON_LITERAL_NULL_CONVERSION = YES;
				CLANG_WARN_OBJC_IMPLICIT_RETAIN_SELF = YES;
				CLANG_WARN_OBJC_LITERAL_CONVERSION = YES;
				CLANG_WARN_OBJC_ROOT_CLASS = YES_ERROR;
				CLANG_WARN_QUOTED_INCLUDE_IN_FRAMEWORK_HEADER = YES;
				CLANG_WARN_RANGE_LOOP_ANALYSIS = YES;
				CLANG_WARN_STRICT_PROTOTYPES = YES;
				CLANG_WARN_SUSPICIOUS_MOVE = YES;
				CLANG_WARN_UNGUARDED_AVAILABILITY = YES_AGGRESSIVE;
				CLANG_WARN_UNREACHABLE_CODE = YES;
				CLANG_WARN__DUPLICATE_METHOD_MATCH = YES;
				COPY_PHASE_STRIP = NO;
				DEBUG_INFORMATION_FORMAT = dwarf;
				ENABLE_STRICT_OBJC_MSGSEND = YES;
				ENABLE_TESTABILITY = YES;
				ENABLE_USER_SCRIPT_SANDBOXING = YES;
				GCC_C_LANGUAGE_STANDARD = gnu17;
				GCC_DYNAMIC_NO_PIC = NO;
				GCC_NO_COMMON_BLOCKS = YES;
				GCC_OPTIMIZATION_LEVEL = 0;
				GCC_PREPROCESSOR_DEFINITIONS = (
					"DEBUG=1",
					"$(inherited)",
				);
				GCC_WARN_64_TO_32_BIT_CONVERSION = YES;
				GCC_WARN_ABOUT_RETURN_TYPE = YES_ERROR;
				GCC_WARN_UNDECLARED_SELECTOR = YES;
				GCC_WARN_UNINITIALIZED_AUTOS = YES_AGGRESSIVE;
				GCC_WARN_UNUSED_FUNCTION = YES;
				GCC_WARN_UNUSED_VARIABLE = YES;
				LOCALIZATION_PREFERS_STRING_CATALOGS = YES;
				MTL_ENABLE_DEBUG_INFO = INCLUDE_SOURCE;
				MTL_FAST_MATH = YES;
				ONLY_ACTIVE_ARCH = YES;
				SWIFT_ACTIVE_COMPILATION_CONDITIONS = "DEBUG $(inherited)";
				SWIFT_OPTIMIZATION_LEVEL = "-Onone";
			};
			name = Debug;
		};
		F4251C312EB52FE200D36FD4 /* Release */ = {
			isa = XCBuildConfiguration;
			buildSettings = {
				ALWAYS_SEARCH_USER_PATHS = NO;
				ASSETCATALOG_COMPILER_GENERATE_SWIFT_ASSET_SYMBOL_EXTENSIONS = YES;
				CLANG_ANALYZER_NONNULL = YES;
				CLANG_ANALYZER_NUMBER_OBJECT_CONVERSION = YES_AGGRESSIVE;
				CLANG_CXX_LANGUAGE_STANDARD = "gnu++20";
				CLANG_ENABLE_MODULES = YES;
				CLANG_ENABLE_OBJC_ARC = YES;
				CLANG_ENABLE_OBJC_WEAK = YES;
				CLANG_WARN_BLOCK_CAPTURE_AUTORELEASING = YES;
				CLANG_WARN_BOOL_CONVERSION = YES;
				CLANG_WARN_COMMA = YES;
				CLANG_WARN_CONSTANT_CONVERSION = YES;
				CLANG_WARN_DEPRECATED_OBJC_IMPLEMENTATIONS = YES;
				CLANG_WARN_DIRECT_OBJC_ISA_USAGE = YES_ERROR;
				CLANG_WARN_DOCUMENTATION_COMMENTS = YES;
				CLANG_WARN_EMPTY_BODY = YES;
				CLANG_WARN_ENUM_CONVERSION = YES;
				CLANG_WARN_INFINITE_RECURSION = YES;
				CLANG_WARN_INT_CONVERSION = YES;
				CLANG_WARN_NON_LITERAL_NULL_CONVERSION = YES;
				CLANG_WARN_OBJC_IMPLICIT_RETAIN_SELF = YES;
				CLANG_WARN_OBJC_LITERAL_CONVERSION = YES;
				CLANG_WARN_OBJC_ROOT_CLASS = YES_ERROR;
				CLANG_WARN_QUOTED_INCLUDE_IN_FRAMEWORK_HEADER = YES;
				CLANG_WARN_RANGE_LOOP_ANALYSIS = YES;
				CLANG_WARN_STRICT_PROTOTYPES = YES;
				CLANG_WARN_SUSPICIOUS_MOVE = YES;
				CLANG_WARN_UNGUARDED_AVAILABILITY = YES_AGGRESSIVE;
				CLANG_WARN_UNREACHABLE_CODE = YES;
				CLANG_WARN__DUPLICATE_METHOD_MATCH = YES;
				COPY_PHASE_STRIP = NO;
				DEBUG_INFORMATION_FORMAT = "dwarf-with-dsym";
				ENABLE_NS_ASSERTIONS = NO;
				ENABLE_STRICT_OBJC_MSGSEND = YES;
				ENABLE_USER_SCRIPT_SANDBOXING = YES;
				GCC_C_LANGUAGE_STANDARD = gnu17;
				GCC_NO_COMMON_BLOCKS = YES;
				GCC_WARN_64_TO_32_BIT_CONVERSION = YES;
				GCC_WARN_ABOUT_RETURN_TYPE = YES_ERROR;
				GCC_WARN_UNDECLARED_SELECTOR = YES;
				GCC_WARN_UNINITIALIZED_AUTOS = YES_AGGRESSIVE;
				GCC_WARN_UNUSED_FUNCTION = YES;
				GCC_WARN_UNUSED_VARIABLE = YES;
				LOCALIZATION_PREFERS_STRING_CATALOGS = YES;
				MTL_ENABLE_DEBUG_INFO = NO;
				MTL_FAST_MATH = YES;
				SWIFT_COMPILATION_MODE = wholemodule;
			};
			name = Release;
		};
		F4251C3A2EB52FE200D36FD4 /* Debug */ = {
			isa = XCBuildConfiguration;
			buildSettings = {
				CODE_SIGN_STYLE = Automatic;
				CURRENT_PROJECT_VERSION = 1;
				DEVELOPMENT_TEAM = T7AK64U8N9;
				ENABLE_APP_SANDBOX = YES;
				ENABLE_HARDENED_RUNTIME = YES;
				ENABLE_USER_SELECTED_FILES = readonly;
				GENERATE_INFOPLIST_FILE = YES;
				INFOPLIST_FILE = "macOS (Extension)/Info.plist";
				INFOPLIST_KEY_CFBundleDisplayName = "Safari MRU Extension";
				INFOPLIST_KEY_NSHumanReadableCopyright = "";
				LD_RUNPATH_SEARCH_PATHS = (
					"$(inherited)",
					"@executable_path/../Frameworks",
					"@executable_path/../../../../Frameworks",
				);
				MACOSX_DEPLOYMENT_TARGET = 10.14;
				MARKETING_VERSION = 1.0;
				OTHER_LDFLAGS = (
					"-framework",
					SafariServices,
				);
				PRODUCT_BUNDLE_IDENTIFIER = com.holmns.safarimru.Extension;
				PRODUCT_NAME = "Safari MRU Extension";
				SAFARI_EXTENSION_BASE_URL = "$(PROJECT_DIR)/../../extension";
				SDKROOT = macosx;
				SKIP_INSTALL = YES;
				STRING_CATALOG_GENERATE_SYMBOLS = YES;
				SWIFT_APPROACHABLE_CONCURRENCY = YES;
				SWIFT_EMIT_LOC_STRINGS = YES;
				SWIFT_UPCOMING_FEATURE_MEMBER_IMPORT_VISIBILITY = YES;
				SWIFT_VERSION = 5.0;
			};
			name = Debug;
		};
		F4251C3B2EB52FE200D36FD4 /* Release */ = {
			isa = XCBuildConfiguration;
			buildSettings = {
				CODE_SIGN_STYLE = Automatic;
				CURRENT_PROJECT_VERSION = 1;
				DEVELOPMENT_TEAM = T7AK64U8N9;
				ENABLE_APP_SANDBOX = YES;
				ENABLE_HARDENED_RUNTIME = YES;
				ENABLE_USER_SELECTED_FILES = readonly;
				GENERATE_INFOPLIST_FILE = YES;
				INFOPLIST_FILE = "macOS (Extension)/Info.plist";
				INFOPLIST_KEY_CFBundleDisplayName = "Safari MRU Extension";
				INFOPLIST_KEY_NSHumanReadableCopyright = "";
				LD_RUNPATH_SEARCH_PATHS = (
					"$(inherited)",
					"@executable_path/../Frameworks",
					"@executable_path/../../../../Frameworks",
				);
				MACOSX_DEPLOYMENT_TARGET = 10.14;
				MARKETING_VERSION = 1.0;
				OTHER_LDFLAGS = (
					"-framework",
					SafariServices,
				);
				PRODUCT_BUNDLE_IDENTIFIER = com.holmns.safarimru.Extension;
				PRODUCT_NAME = "Safari MRU Extension";
				SAFARI_EXTENSION_BASE_URL = "$(PROJECT_DIR)/../../extension";
				SDKROOT = macosx;
				SKIP_INSTALL = YES;
				STRING_CATALOG_GENERATE_SYMBOLS = YES;
				SWIFT_APPROACHABLE_CONCURRENCY = YES;
				SWIFT_EMIT_LOC_STRINGS = YES;
				SWIFT_UPCOMING_FEATURE_MEMBER_IMPORT_VISIBILITY = YES;
				SWIFT_VERSION = 5.0;
			};
			name = Release;
		};
		F4251C3E2EB52FE200D36FD4 /* Debug */ = {
			isa = XCBuildConfiguration;
			buildSettings = {
				ASSETCATALOG_COMPILER_APPICON_NAME = AppIcon;
				ASSETCATALOG_COMPILER_GLOBAL_ACCENT_COLOR_NAME = AccentColor;
				"CODE_SIGN_IDENTITY[sdk=macosx*]" = "Apple Development";
				CODE_SIGN_STYLE = Automatic;
				CURRENT_PROJECT_VERSION = 1;
				DEVELOPMENT_TEAM = T7AK64U8N9;
				ENABLE_APP_SANDBOX = YES;
				ENABLE_HARDENED_RUNTIME = YES;
				ENABLE_OUTGOING_NETWORK_CONNECTIONS = YES;
				ENABLE_USER_SELECTED_FILES = readonly;
				GENERATE_INFOPLIST_FILE = YES;
				INFOPLIST_FILE = "macOS (App)/Info.plist";
				INFOPLIST_KEY_CFBundleDisplayName = "Safari MRU";
				INFOPLIST_KEY_LSApplicationCategoryType = "public.app-category.utilities";
				INFOPLIST_KEY_NSMainStoryboardFile = Main;
				INFOPLIST_KEY_NSPrincipalClass = NSApplication;
				LD_RUNPATH_SEARCH_PATHS = (
					"$(inherited)",
					"@executable_path/../Frameworks",
				);
				MACOSX_DEPLOYMENT_TARGET = 10.14;
				MARKETING_VERSION = 1.0;
				OTHER_LDFLAGS = (
					"-framework",
					SafariServices,
					"-framework",
					WebKit,
				);
				PRODUCT_BUNDLE_IDENTIFIER = com.holmns.safarimru;
				PRODUCT_NAME = "Safari MRU";
				REGISTER_APP_GROUPS = YES;
				SDKROOT = macosx;
				STRING_CATALOG_GENERATE_SYMBOLS = YES;
				SWIFT_APPROACHABLE_CONCURRENCY = YES;
				SWIFT_DEFAULT_ACTOR_ISOLATION = MainActor;
				SWIFT_EMIT_LOC_STRINGS = YES;
				SWIFT_UPCOMING_FEATURE_MEMBER_IMPORT_VISIBILITY = YES;
				SWIFT_VERSION = 5.0;
			};
			name = Debug;
		};
		F4251C3F2EB52FE200D36FD4 /* Release */ = {
			isa = XCBuildConfiguration;
			buildSettings = {
				ASSETCATALOG_COMPILER_APPICON_NAME = AppIcon;
				ASSETCATALOG_COMPILER_GLOBAL_ACCENT_COLOR_NAME = AccentColor;
				"CODE_SIGN_IDENTITY[sdk=macosx*]" = "Apple Development";
				CODE_SIGN_STYLE = Automatic;
				CURRENT_PROJECT_VERSION = 1;
				DEVELOPMENT_TEAM = T7AK64U8N9;
				ENABLE_APP_SANDBOX = YES;
				ENABLE_HARDENED_RUNTIME = YES;
				ENABLE_OUTGOING_NETWORK_CONNECTIONS = YES;
				ENABLE_USER_SELECTED_FILES = readonly;
				GENERATE_INFOPLIST_FILE = YES;
				INFOPLIST_FILE = "macOS (App)/Info.plist";
				INFOPLIST_KEY_CFBundleDisplayName = "Safari MRU";
				INFOPLIST_KEY_LSApplicationCategoryType = "public.app-category.utilities";
				INFOPLIST_KEY_NSMainStoryboardFile = Main;
				INFOPLIST_KEY_NSPrincipalClass = NSApplication;
				LD_RUNPATH_SEARCH_PATHS = (
					"$(inherited)",
					"@executable_path/../Frameworks",
				);
				MACOSX_DEPLOYMENT_TARGET = 10.14;
				MARKETING_VERSION = 1.0;
				OTHER_LDFLAGS = (
					"-framework",
					SafariServices,
					"-framework",
					WebKit,
				);
				PRODUCT_BUNDLE_IDENTIFIER = com.holmns.safarimru;
				PRODUCT_NAME = "Safari MRU";
				REGISTER_APP_GROUPS = YES;
				SDKROOT = macosx;
				STRING_CATALOG_GENERATE_SYMBOLS = YES;
				SWIFT_APPROACHABLE_CONCURRENCY = YES;
				SWIFT_DEFAULT_ACTOR_ISOLATION = MainActor;
				SWIFT_EMIT_LOC_STRINGS = YES;
				SWIFT_UPCOMING_FEATURE_MEMBER_IMPORT_VISIBILITY = YES;
				SWIFT_VERSION = 5.0;
			};
			name = Release;
		};
/* End XCBuildConfiguration section */

/* Begin XCConfigurationList section */
		F4251BE42EB52FE100D36FD4 /* Build configuration list for PBXProject "Safari MRU" */ = {
			isa = XCConfigurationList;
			buildConfigurations = (
				F4251C302EB52FE200D36FD4 /* Debug */,
				F4251C312EB52FE200D36FD4 /* Release */,
			);
			defaultConfigurationIsVisible = 0;
			defaultConfigurationName = Release;
		};
		F4251C392EB52FE200D36FD4 /* Build configuration list for PBXNativeTarget "Safari MRU Extension (macOS)" */ = {
			isa = XCConfigurationList;
			buildConfigurations = (
				F4251C3A2EB52FE200D36FD4 /* Debug */,
				F4251C3B2EB52FE200D36FD4 /* Release */,
			);
			defaultConfigurationIsVisible = 0;
			defaultConfigurationName = Release;
		};
		F4251C3D2EB52FE200D36FD4 /* Build configuration list for PBXNativeTarget "Safari MRU (macOS)" */ = {
			isa = XCConfigurationList;
			buildConfigurations = (
				F4251C3E2EB52FE200D36FD4 /* Debug */,
				F4251C3F2EB52FE200D36FD4 /* Release */,
			);
			defaultConfigurationIsVisible = 0;
			defaultConfigurationName = Release;
		};
/* End XCConfigurationList section */
	};
	rootObject = F4251BE12EB52FE100D36FD4 /* Project object */;
}
